# -------------------------------------------------------------------------- #
#
# Copyright (C) 2018  Intel Corporation. All rights reserved.
# Your use of Intel Corporation's design tools, logic functions 
# and other software and tools, and its AMPP partner logic 
# functions, and any output files from any of the foregoing 
# (including device programming or simulation files), and any 
# associated documentation or information are expressly subject 
# to the terms and conditions of the Intel Program License 
# Subscription Agreement, the Intel Quartus Prime License Agreement,
# the Intel FPGA IP License Agreement, or other applicable license
# agreement, including, without limitation, that your use is for
# the sole purpose of programming logic devices manufactured by
# Intel and sold by Intel or its authorized distributors.  Please
# refer to the applicable agreement for further details.
#
# -------------------------------------------------------------------------- #
#
# Quartus Prime
# Version 18.1.0 Build 625 09/12/2018 SJ Lite Edition
# Date created = 22:38:48  September 26, 2026
#
# -------------------------------------------------------------------------- #
#
# Notes:
#
# 1) The default values for assignments are stored in the file:
#		Cronometro_assignment_defaults.qdf
#    If this file doesn't exist, see file:
#		assignment_defaults.qdf
#
# 2) Altera recommends that you do not modify this file. This
#    file is updated automatically by the Quartus Prime software
#    and any changes you make may be lost or overwritten.
#
# -------------------------------------------------------------------------- #


set_global_assignment -name FAMILY "MAX 10"
set_global_assignment -name DEVICE 10M50DAF484C7G
set_global_assignment -name TOP_LEVEL_ENTITY Cronometro
set_global_assignment -name ORIGINAL_QUARTUS_VERSION 18.1.0
set_global_assignment -name PROJECT_CREATION_TIME_DATE "22:38:48  SEPTEMBER 26, 2026"
set_global_assignment -name LAST_QUARTUS_VERSION "18.1.0 Lite Edition"
set_global_assignment -name PROJECT_OUTPUT_DIRECTORY output_files
set_global_assignment -name MIN_CORE_JUNCTION_TEMP 0
set_global_assignment -name MAX_CORE_JUNCTION_TEMP 85
set_global_assignment -name ERROR_CHECK_FREQUENCY_DIVISOR 256
set_global_assignment -name EDA_SIMULATION_TOOL "ModelSim-Altera (VHDL)"
set_global_assignment -name EDA_TIME_SCALE "1 ps" -section_id eda_simulation
set_global_assignment -name EDA_OUTPUT_DATA_FORMAT VHDL -section_id eda_simulation
set_global_assignment -name VHDL_FILE ContadorDecimal.vhd
set_global_assignment -name VHDL_FILE GerenciadorContagem.vhd
set_global_assignment -name VHDL_FILE DisplayHEX7Seg.vhd
set_global_assignment -name VHDL_FILE MyDLatch.vhd
set_global_assignment -name VHDL_FILE PIPO_4bits.vhd
set_global_assignment -name VHDL_FILE Soma1bit.vhd
set_global_assignment -name VHDL_FILE Timing_Reference.vhd
set_global_assignment -name VHDL_FILE Cronometro.vhd

# ==============================================================================
# Mapeamento de Pinos e Padrão I/O (3.3-V LVTTL) - Cronometro (DE10-Lite)
# ==============================================================================

# Clock 50 MHz
set_location_assignment PIN_P11 -to CLOCK_50
set_instance_assignment -name IO_STANDARD "3.3-V LVTTL" -to CLOCK_50

# LED
set_location_assignment PIN_D22 -to dot0
set_instance_assignment -name IO_STANDARD "3.3-V LVTTL" -to dot0
set_location_assignment PIN_L19 -to dot1
set_instance_assignment -name IO_STANDARD "3.3-V LVTTL" -to dot1

# Display HEX0
set_location_assignment PIN_C14 -to hex0[0]
set_location_assignment PIN_E15 -to hex0[1]
set_location_assignment PIN_C15 -to hex0[2]
set_location_assignment PIN_C16 -to hex0[3]
set_location_assignment PIN_E16 -to hex0[4]
set_location_assignment PIN_D17 -to hex0[5]
set_location_assignment PIN_C17 -to hex0[6]

set_instance_assignment -name IO_STANDARD "3.3-V LVTTL" -to hex0[0]
set_instance_assignment -name IO_STANDARD "3.3-V LVTTL" -to hex0[1]
set_instance_assignment -name IO_STANDARD "3.3-V LVTTL" -to hex0[2]
set_instance_assignment -name IO_STANDARD "3.3-V LVTTL" -to hex0[3]
set_instance_assignment -name IO_STANDARD "3.3-V LVTTL" -to hex0[4]
set_instance_assignment -name IO_STANDARD "3.3-V LVTTL" -to hex0[5]
set_instance_assignment -name IO_STANDARD "3.3-V LVTTL" -to hex0[6]

# Display HEX1
set_location_assignment PIN_C18 -to hex1[0]
set_location_assignment PIN_D18 -to hex1[1]
set_location_assignment PIN_E18 -to hex1[2]
set_location_assignment PIN_B16 -to hex1[3]
set_location_assignment PIN_A17 -to hex1[4]
set_location_assignment PIN_A18 -to hex1[5]
set_location_assignment PIN_B17 -to hex1[6]

set_instance_assignment -name IO_STANDARD "3.3-V LVTTL" -to hex1[0]
set_instance_assignment -name IO_STANDARD "3.3-V LVTTL" -to hex1[1]
set_instance_assignment -name IO_STANDARD "3.3-V LVTTL" -to hex1[2]
set_instance_assignment -name IO_STANDARD "3.3-V LVTTL" -to hex1[3]
set_instance_assignment -name IO_STANDARD "3.3-V LVTTL" -to hex1[4]
set_instance_assignment -name IO_STANDARD "3.3-V LVTTL" -to hex1[5]
set_instance_assignment -name IO_STANDARD "3.3-V LVTTL" -to hex1[6]

# Display HEX2
set_location_assignment PIN_B20 -to hex2[0]
set_location_assignment PIN_A20 -to hex2[1]
set_location_assignment PIN_B19 -to hex2[2]
set_location_assignment PIN_A21 -to hex2[3]
set_location_assignment PIN_B21 -to hex2[4]
set_location_assignment PIN_C22 -to hex2[5]
set_location_assignment PIN_B22 -to hex2[6]

set_instance_assignment -name IO_STANDARD "3.3-V LVTTL" -to hex2[0]
set_instance_assignment -name IO_STANDARD "3.3-V LVTTL" -to hex2[1]
set_instance_assignment -name IO_STANDARD "3.3-V LVTTL" -to hex2[2]
set_instance_assignment -name IO_STANDARD "3.3-V LVTTL" -to hex2[3]
set_instance_assignment -name IO_STANDARD "3.3-V LVTTL" -to hex2[4]
set_instance_assignment -name IO_STANDARD "3.3-V LVTTL" -to hex2[5]
set_instance_assignment -name IO_STANDARD "3.3-V LVTTL" -to hex2[6]

# Display HEX3
set_location_assignment PIN_F21 -to hex3[0]
set_location_assignment PIN_E22 -to hex3[1]
set_location_assignment PIN_E21 -to hex3[2]
set_location_assignment PIN_C19 -to hex3[3]
set_location_assignment PIN_C20 -to hex3[4]
set_location_assignment PIN_D19 -to hex3[5]
set_location_assignment PIN_E17 -to hex3[6]

set_instance_assignment -name IO_STANDARD "3.3-V LVTTL" -to hex3[0]
set_instance_assignment -name IO_STANDARD "3.3-V LVTTL" -to hex3[1]
set_instance_assignment -name IO_STANDARD "3.3-V LVTTL" -to hex3[2]
set_instance_assignment -name IO_STANDARD "3.3-V LVTTL" -to hex3[3]
set_instance_assignment -name IO_STANDARD "3.3-V LVTTL" -to hex3[4]
set_instance_assignment -name IO_STANDARD "3.3-V LVTTL" -to hex3[5]
set_instance_assignment -name IO_STANDARD "3.3-V LVTTL" -to hex3[6]

# Display HEX4
set_location_assignment PIN_F18 -to hex4[0]
set_location_assignment PIN_E20 -to hex4[1]
set_location_assignment PIN_E19 -to hex4[2]
set_location_assignment PIN_J18 -to hex4[3]
set_location_assignment PIN_H19 -to hex4[4]
set_location_assignment PIN_F19 -to hex4[5]
set_location_assignment PIN_F20 -to hex4[6]

set_instance_assignment -name IO_STANDARD "3.3-V LVTTL" -to hex4[0]
set_instance_assignment -name IO_STANDARD "3.3-V LVTTL" -to hex4[1]
set_instance_assignment -name IO_STANDARD "3.3-V LVTTL" -to hex4[2]
set_instance_assignment -name IO_STANDARD "3.3-V LVTTL" -to hex4[3]
set_instance_assignment -name IO_STANDARD "3.3-V LVTTL" -to hex4[4]
set_instance_assignment -name IO_STANDARD "3.3-V LVTTL" -to hex4[5]
set_instance_assignment -name IO_STANDARD "3.3-V LVTTL" -to hex4[6]

# Display HEX5
set_location_assignment PIN_J20 -to hex5[0]
set_location_assignment PIN_K20 -to hex5[1]
set_location_assignment PIN_L18 -to hex5[2]
set_location_assignment PIN_N18 -to hex5[3]
set_location_assignment PIN_M20 -to hex5[4]
set_location_assignment PIN_N19 -to hex5[5]
set_location_assignment PIN_N20 -to hex5[6]

set_instance_assignment -name IO_STANDARD "3.3-V LVTTL" -to hex5[0]
set_instance_assignment -name IO_STANDARD "3.3-V LVTTL" -to hex5[1]
set_instance_assignment -name IO_STANDARD "3.3-V LVTTL" -to hex5[2]
set_instance_assignment -name IO_STANDARD "3.3-V LVTTL" -to hex5[3]
set_instance_assignment -name IO_STANDARD "3.3-V LVTTL" -to hex5[4]
set_instance_assignment -name IO_STANDARD "3.3-V LVTTL" -to hex5[5]
set_instance_assignment -name IO_STANDARD "3.3-V LVTTL" -to hex5[6]

# Chave SW0 - Seletor de Base Temporal (0 = 1 kHz Normal / 1 = Turbo ~80 kHz)
set_location_assignment PIN_C10 -to switch
set_instance_assignment -name IO_STANDARD "3.3-V LVTTL" -to switch

# Arquivos VHDL do Projeto
set_global_assignment -name VHDL_FILE ContadorHexa.vhd
set_global_assignment -name VHDL_FILE GerenciadorContagemHexa.vhd
set_global_assignment -name VHDL_FILE Milisegundos.vhd
set_global_assignment -name VHDL_FILE Segundos.vhd
set_global_assignment -name VHDL_FILE Minutos.vhd

# ==============================================================================
# Botoes Push-Button (KEY0 e KEY1)
# Observacao: Na DE10-Lite os botoes sao ATIVOS EM BAIXO (pressionado = '0')
# ==============================================================================

set_location_assignment PIN_B8 -to PB0
set_instance_assignment -name IO_STANDARD "3.3 V SCHMITT TRIGGER" -to PB0

set_location_assignment PIN_A7 -to PB1
set_instance_assignment -name IO_STANDARD "3.3 V SCHMITT TRIGGER" -to PB1
set_global_assignment -name VHDL_FILE raPause.vhd